
Microsoft Visual Studio Solution File, Format Version 12.00
# Visual Studio 15
VisualStudioVersion = 15.0.28307.757
MinimumVisualStudioVersion = 10.0.40219.1
Project("{FAE04EC0-301F-11D3-BF4B-00C04F79EFBC}") = "Website", "Website\Website.csproj", "{B6297DC7-083E-46F8-85D8-B0BBCED8AC61}"
EndProject
Project("{FAE04EC0-301F-11D3-BF4B-00C04F79EFBC}") = "Data", "Data\Data.csproj", "{B79CBAE0-D230-45B0-87E7-76A961F65B55}"
EndProject
Global
	GlobalSection(SolutionConfigurationPlatforms) = preSolution
		Debug|Any CPU = Debug|Any CPU
		Release|Any CPU = Release|Any CPU
	EndGlobalSection
	GlobalSection(ProjectConfigurationPlatforms) = postSolution
		{B6297DC7-083E-46F8-85D8-B0BBCED8AC61}.Debug|Any CPU.ActiveCfg = Debug|Any CPU
		{B6297DC7-083E-46F8-85D8-B0BBCED8AC61}.Debug|Any CPU.Build.0 = Debug|Any CPU
		{B6297DC7-083E-46F8-85D8-B0BBCED8AC61}.Release|Any CPU.ActiveCfg = Release|Any CPU
		{B6297DC7-083E-46F8-85D8-B0BBCED8AC61}.Release|Any CPU.Build.0 = Release|Any CPU
		{B79CBAE0-D230-45B0-87E7-76A961F65B55}.Debug|Any CPU.ActiveCfg = Debug|Any CPU
		{B79CBAE0-D230-45B0-87E7-76A961F65B55}.Debug|Any CPU.Build.0 = Debug|Any CPU
		{B79CBAE0-D230-45B0-87E7-76A961F65B55}.Release|Any CPU.ActiveCfg = Release|Any CPU
		{B79CBAE0-D230-45B0-87E7-76A961F65B55}.Release|Any CPU.Build.0 = Release|Any CPU
	EndGlobalSection
	GlobalSection(SolutionProperties) = preSolution
		HideSolutionNode = FALSE
	EndGlobalSection
	GlobalSection(ExtensibilityGlobals) = postSolution
		SolutionGuid = {4F65CD4A-A114-4088-85BA-F9C99F723818}
	EndGlobalSection
EndGlobal
